
Microsoft Visual Studio Solution File, Format Version 12.00
# Visual Studio Version 16
VisualStudioVersion = 16.0.30804.86
MinimumVisualStudioVersion = 10.0.40219.1
Project("{8BC9CEB8-8B4A-11D0-8D11-00A0C91BC942}") = "HT_COM", "HT_COM\HT_COM.vcxproj", "{8CC31606-ABA6-499B-A40E-B9175FB8FFD8}"
EndProject
Project("{8BC9CEB8-8B4A-11D0-8D11-00A0C91BC942}") = "TEST_HT_COM", "TEST_HT_COM\TEST_HT_COM.vcxproj", "{8E7BD558-22CC-4213-AC5E-4A1B966E3691}"
EndProject
Project("{8BC9CEB8-8B4A-11D0-8D11-00A0C91BC942}") = "HT_COM_STATIC_LIB", "HT_COM_STATIC_LIB\HT_COM_STATIC_LIB.vcxproj", "{28561D41-3463-41D9-A336-C3778D438B70}"
EndProject
Project("{8BC9CEB8-8B4A-11D0-8D11-00A0C91BC942}") = "TEST_HT_COM_STATIC_LIB", "TEST_HT_COM_STATIC_LIB\TEST_HT_COM_STATIC_LIB.vcxproj", "{59318400-C6C3-4850-852B-D3DB72D502AD}"
EndProject
Project("{8BC9CEB8-8B4A-11D0-8D11-00A0C91BC942}") = "HT_CREATE", "HT_CREATE\HT_CREATE.vcxproj", "{A5021273-1B42-4D3B-9E8C-905B16AEA7A9}"
EndProject
Project("{8BC9CEB8-8B4A-11D0-8D11-00A0C91BC942}") = "HT_START", "HT_START\HT_START.vcxproj", "{99052E7A-02D8-4B4E-AAA4-BF5DAE8B382E}"
EndProject
Project("{8BC9CEB8-8B4A-11D0-8D11-00A0C91BC942}") = "HT_INSERT", "HT_INSERT\HT_INSERT.vcxproj", "{B959F6B7-968A-4B75-9260-C672E129C5BE}"
EndProject
Project("{8BC9CEB8-8B4A-11D0-8D11-00A0C91BC942}") = "HT_DELETE", "HT_DELETE\HT_DELETE.vcxproj", "{4569EB0D-B25B-4FC5-92E5-2C0D1F79A436}"
EndProject
Project("{8BC9CEB8-8B4A-11D0-8D11-00A0C91BC942}") = "HT_UPDATE", "HT_UPDATE\HT_UPDATE.vcxproj", "{9BE7D32A-D751-4393-B0B0-AF01E2DDDEC6}"
EndProject
Project("{8BC9CEB8-8B4A-11D0-8D11-00A0C91BC942}") = "REGISTER_HT_WIN_SERVICE", "REGISTER_HT_WIN_SERVICE\REGISTER_HT_WIN_SERVICE.vcxproj", "{40A0186F-3C91-44DA-BFC0-F62458238143}"
EndProject
Project("{8BC9CEB8-8B4A-11D0-8D11-00A0C91BC942}") = "HT_WIN_SERVICE", "HT_WIN_SERVICE\HT_WIN_SERVICE.vcxproj", "{12FD2866-D0FA-4AB9-96FA-D70669B75F76}"
EndProject
Global
	GlobalSection(SolutionConfigurationPlatforms) = preSolution
		Debug|x64 = Debug|x64
		Debug|x86 = Debug|x86
		Release|x64 = Release|x64
		Release|x86 = Release|x86
	EndGlobalSection
	GlobalSection(ProjectConfigurationPlatforms) = postSolution
		{8CC31606-ABA6-499B-A40E-B9175FB8FFD8}.Debug|x64.ActiveCfg = Debug|x64
		{8CC31606-ABA6-499B-A40E-B9175FB8FFD8}.Debug|x64.Build.0 = Debug|x64
		{8CC31606-ABA6-499B-A40E-B9175FB8FFD8}.Debug|x86.ActiveCfg = Debug|Win32
		{8CC31606-ABA6-499B-A40E-B9175FB8FFD8}.Debug|x86.Build.0 = Debug|Win32
		{8CC31606-ABA6-499B-A40E-B9175FB8FFD8}.Release|x64.ActiveCfg = Release|x64
		{8CC31606-ABA6-499B-A40E-B9175FB8FFD8}.Release|x64.Build.0 = Release|x64
		{8CC31606-ABA6-499B-A40E-B9175FB8FFD8}.Release|x86.ActiveCfg = Release|Win32
		{8CC31606-ABA6-499B-A40E-B9175FB8FFD8}.Release|x86.Build.0 = Release|Win32
		{8E7BD558-22CC-4213-AC5E-4A1B966E3691}.Debug|x64.ActiveCfg = Debug|x64
		{8E7BD558-22CC-4213-AC5E-4A1B966E3691}.Debug|x64.Build.0 = Debug|x64
		{8E7BD558-22CC-4213-AC5E-4A1B966E3691}.Debug|x86.ActiveCfg = Debug|Win32
		{8E7BD558-22CC-4213-AC5E-4A1B966E3691}.Debug|x86.Build.0 = Debug|Win32
		{8E7BD558-22CC-4213-AC5E-4A1B966E3691}.Release|x64.ActiveCfg = Release|x64
		{8E7BD558-22CC-4213-AC5E-4A1B966E3691}.Release|x64.Build.0 = Release|x64
		{8E7BD558-22CC-4213-AC5E-4A1B966E3691}.Release|x86.ActiveCfg = Release|Win32
		{8E7BD558-22CC-4213-AC5E-4A1B966E3691}.Release|x86.Build.0 = Release|Win32
		{28561D41-3463-41D9-A336-C3778D438B70}.Debug|x64.ActiveCfg = Debug|x64
		{28561D41-3463-41D9-A336-C3778D438B70}.Debug|x64.Build.0 = Debug|x64
		{28561D41-3463-41D9-A336-C3778D438B70}.Debug|x86.ActiveCfg = Debug|Win32
		{28561D41-3463-41D9-A336-C3778D438B70}.Debug|x86.Build.0 = Debug|Win32
		{28561D41-3463-41D9-A336-C3778D438B70}.Release|x64.ActiveCfg = Release|x64
		{28561D41-3463-41D9-A336-C3778D438B70}.Release|x64.Build.0 = Release|x64
		{28561D41-3463-41D9-A336-C3778D438B70}.Release|x86.ActiveCfg = Release|Win32
		{28561D41-3463-41D9-A336-C3778D438B70}.Release|x86.Build.0 = Release|Win32
		{59318400-C6C3-4850-852B-D3DB72D502AD}.Debug|x64.ActiveCfg = Debug|x64
		{59318400-C6C3-4850-852B-D3DB72D502AD}.Debug|x64.Build.0 = Debug|x64
		{59318400-C6C3-4850-852B-D3DB72D502AD}.Debug|x86.ActiveCfg = Debug|Win32
		{59318400-C6C3-4850-852B-D3DB72D502AD}.Debug|x86.Build.0 = Debug|Win32
		{59318400-C6C3-4850-852B-D3DB72D502AD}.Release|x64.ActiveCfg = Release|x64
		{59318400-C6C3-4850-852B-D3DB72D502AD}.Release|x64.Build.0 = Release|x64
		{59318400-C6C3-4850-852B-D3DB72D502AD}.Release|x86.ActiveCfg = Release|Win32
		{59318400-C6C3-4850-852B-D3DB72D502AD}.Release|x86.Build.0 = Release|Win32
		{A5021273-1B42-4D3B-9E8C-905B16AEA7A9}.Debug|x64.ActiveCfg = Debug|x64
		{A5021273-1B42-4D3B-9E8C-905B16AEA7A9}.Debug|x64.Build.0 = Debug|x64
		{A5021273-1B42-4D3B-9E8C-905B16AEA7A9}.Debug|x86.ActiveCfg = Debug|Win32
		{A5021273-1B42-4D3B-9E8C-905B16AEA7A9}.Debug|x86.Build.0 = Debug|Win32
		{A5021273-1B42-4D3B-9E8C-905B16AEA7A9}.Release|x64.ActiveCfg = Release|x64
		{A5021273-1B42-4D3B-9E8C-905B16AEA7A9}.Release|x64.Build.0 = Release|x64
		{A5021273-1B42-4D3B-9E8C-905B16AEA7A9}.Release|x86.ActiveCfg = Release|Win32
		{A5021273-1B42-4D3B-9E8C-905B16AEA7A9}.Release|x86.Build.0 = Release|Win32
		{99052E7A-02D8-4B4E-AAA4-BF5DAE8B382E}.Debug|x64.ActiveCfg = Debug|x64
		{99052E7A-02D8-4B4E-AAA4-BF5DAE8B382E}.Debug|x64.Build.0 = Debug|x64
		{99052E7A-02D8-4B4E-AAA4-BF5DAE8B382E}.Debug|x86.ActiveCfg = Debug|Win32
		{99052E7A-02D8-4B4E-AAA4-BF5DAE8B382E}.Debug|x86.Build.0 = Debug|Win32
		{99052E7A-02D8-4B4E-AAA4-BF5DAE8B382E}.Release|x64.ActiveCfg = Release|x64
		{99052E7A-02D8-4B4E-AAA4-BF5DAE8B382E}.Release|x64.Build.0 = Release|x64
		{99052E7A-02D8-4B4E-AAA4-BF5DAE8B382E}.Release|x86.ActiveCfg = Release|Win32
		{99052E7A-02D8-4B4E-AAA4-BF5DAE8B382E}.Release|x86.Build.0 = Release|Win32
		{B959F6B7-968A-4B75-9260-C672E129C5BE}.Debug|x64.ActiveCfg = Debug|x64
		{B959F6B7-968A-4B75-9260-C672E129C5BE}.Debug|x64.Build.0 = Debug|x64
		{B959F6B7-968A-4B75-9260-C672E129C5BE}.Debug|x86.ActiveCfg = Debug|Win32
		{B959F6B7-968A-4B75-9260-C672E129C5BE}.Debug|x86.Build.0 = Debug|Win32
		{B959F6B7-968A-4B75-9260-C672E129C5BE}.Release|x64.ActiveCfg = Release|x64
		{B959F6B7-968A-4B75-9260-C672E129C5BE}.Release|x64.Build.0 = Release|x64
		{B959F6B7-968A-4B75-9260-C672E129C5BE}.Release|x86.ActiveCfg = Release|Win32
		{B959F6B7-968A-4B75-9260-C672E129C5BE}.Release|x86.Build.0 = Release|Win32
		{4569EB0D-B25B-4FC5-92E5-2C0D1F79A436}.Debug|x64.ActiveCfg = Debug|x64
		{4569EB0D-B25B-4FC5-92E5-2C0D1F79A436}.Debug|x64.Build.0 = Debug|x64
		{4569EB0D-B25B-4FC5-92E5-2C0D1F79A436}.Debug|x86.ActiveCfg = Debug|Win32
		{4569EB0D-B25B-4FC5-92E5-2C0D1F79A436}.Debug|x86.Build.0 = Debug|Win32
		{4569EB0D-B25B-4FC5-92E5-2C0D1F79A436}.Release|x64.ActiveCfg = Release|x64
		{4569EB0D-B25B-4FC5-92E5-2C0D1F79A436}.Release|x64.Build.0 = Release|x64
		{4569EB0D-B25B-4FC5-92E5-2C0D1F79A436}.Release|x86.ActiveCfg = Release|Win32
		{4569EB0D-B25B-4FC5-92E5-2C0D1F79A436}.Release|x86.Build.0 = Release|Win32
		{9BE7D32A-D751-4393-B0B0-AF01E2DDDEC6}.Debug|x64.ActiveCfg = Debug|x64
		{9BE7D32A-D751-4393-B0B0-AF01E2DDDEC6}.Debug|x64.Build.0 = Debug|x64
		{9BE7D32A-D751-4393-B0B0-AF01E2DDDEC6}.Debug|x86.ActiveCfg = Debug|Win32
		{9BE7D32A-D751-4393-B0B0-AF01E2DDDEC6}.Debug|x86.Build.0 = Debug|Win32
		{9BE7D32A-D751-4393-B0B0-AF01E2DDDEC6}.Release|x64.ActiveCfg = Release|x64
		{9BE7D32A-D751-4393-B0B0-AF01E2DDDEC6}.Release|x64.Build.0 = Release|x64
		{9BE7D32A-D751-4393-B0B0-AF01E2DDDEC6}.Release|x86.ActiveCfg = Release|Win32
		{9BE7D32A-D751-4393-B0B0-AF01E2DDDEC6}.Release|x86.Build.0 = Release|Win32
		{40A0186F-3C91-44DA-BFC0-F62458238143}.Debug|x64.ActiveCfg = Debug|x64
		{40A0186F-3C91-44DA-BFC0-F62458238143}.Debug|x64.Build.0 = Debug|x64
		{40A0186F-3C91-44DA-BFC0-F62458238143}.Debug|x86.ActiveCfg = Debug|Win32
		{40A0186F-3C91-44DA-BFC0-F62458238143}.Debug|x86.Build.0 = Debug|Win32
		{40A0186F-3C91-44DA-BFC0-F62458238143}.Release|x64.ActiveCfg = Release|x64
		{40A0186F-3C91-44DA-BFC0-F62458238143}.Release|x64.Build.0 = Release|x64
		{40A0186F-3C91-44DA-BFC0-F62458238143}.Release|x86.ActiveCfg = Release|Win32
		{40A0186F-3C91-44DA-BFC0-F62458238143}.Release|x86.Build.0 = Release|Win32
		{12FD2866-D0FA-4AB9-96FA-D70669B75F76}.Debug|x64.ActiveCfg = Debug|x64
		{12FD2866-D0FA-4AB9-96FA-D70669B75F76}.Debug|x64.Build.0 = Debug|x64
		{12FD2866-D0FA-4AB9-96FA-D70669B75F76}.Debug|x86.ActiveCfg = Debug|Win32
		{12FD2866-D0FA-4AB9-96FA-D70669B75F76}.Debug|x86.Build.0 = Debug|Win32
		{12FD2866-D0FA-4AB9-96FA-D70669B75F76}.Release|x64.ActiveCfg = Release|x64
		{12FD2866-D0FA-4AB9-96FA-D70669B75F76}.Release|x64.Build.0 = Release|x64
		{12FD2866-D0FA-4AB9-96FA-D70669B75F76}.Release|x86.ActiveCfg = Release|Win32
		{12FD2866-D0FA-4AB9-96FA-D70669B75F76}.Release|x86.Build.0 = Release|Win32
	EndGlobalSection
	GlobalSection(SolutionProperties) = preSolution
		HideSolutionNode = FALSE
	EndGlobalSection
	GlobalSection(ExtensibilityGlobals) = postSolution
		SolutionGuid = {4AE33FF8-8329-4CE8-8F3F-F1C6130E6C56}
	EndGlobalSection
EndGlobal
